
Microsoft Visual Studio Solution File, Format Version 12.00
# Visual Studio Version 17
VisualStudioVersion = 17.14.36414.22 d17.14
MinimumVisualStudioVersion = 10.0.40219.1
Project("{FAE04EC0-301F-11D3-BF4B-00C04F79EFBC}") = "Orquestra", "Orquestra\Orquestra.csproj", "{669715E7-B553-4450-940B-7060D50CA455}"
EndProject
Global
	GlobalSection(SolutionConfigurationPlatforms) = preSolution
		Debug|Any CPU = Debug|Any CPU
		Release|Any CPU = Release|Any CPU
	EndGlobalSection
	GlobalSection(ProjectConfigurationPlatforms) = postSolution
		{669715E7-B553-4450-940B-7060D50CA455}.Debug|Any CPU.ActiveCfg = Debug|Any CPU
		{669715E7-B553-4450-940B-7060D50CA455}.Debug|Any CPU.Build.0 = Debug|Any CPU
		{669715E7-B553-4450-940B-7060D50CA455}.Release|Any CPU.ActiveCfg = Release|Any CPU
		{669715E7-B553-4450-940B-7060D50CA455}.Release|Any CPU.Build.0 = Release|Any CPU
	EndGlobalSection
	GlobalSection(SolutionProperties) = preSolution
		HideSolutionNode = FALSE
	EndGlobalSection
	GlobalSection(ExtensibilityGlobals) = postSolution
		SolutionGuid = {321CCE0D-720B-4E3A-9271-0F2BEAE80804}
	EndGlobalSection
EndGlobal
